
Microsoft Visual Studio Solution File, Format Version 12.00
# Visual Studio Version 16
VisualStudioVersion = 16.0.30717.126
MinimumVisualStudioVersion = 10.0.40219.1
Project("{FAE04EC0-301F-11D3-BF4B-00C04F79EFBC}") = "ModelValidation", "ModelValidation\ModelValidation.csproj", "{21A9C654-B6E4-4264-B595-C954C9816EAD}"
EndProject
Project("{FAE04EC0-301F-11D3-BF4B-00C04F79EFBC}") = "Tests", "Tests\Tests.csproj", "{A9D45930-3013-4262-B3BE-249D61207901}"
EndProject
Global
	GlobalSection(SolutionConfigurationPlatforms) = preSolution
		Debug|Any CPU = Debug|Any CPU
		Release|Any CPU = Release|Any CPU
	EndGlobalSection
	GlobalSection(ProjectConfigurationPlatforms) = postSolution
		{21A9C654-B6E4-4264-B595-C954C9816EAD}.Debug|Any CPU.ActiveCfg = Debug|Any CPU
		{21A9C654-B6E4-4264-B595-C954C9816EAD}.Debug|Any CPU.Build.0 = Debug|Any CPU
		{21A9C654-B6E4-4264-B595-C954C9816EAD}.Release|Any CPU.ActiveCfg = Release|Any CPU
		{21A9C654-B6E4-4264-B595-C954C9816EAD}.Release|Any CPU.Build.0 = Release|Any CPU
		{A9D45930-3013-4262-B3BE-249D61207901}.Debug|Any CPU.ActiveCfg = Debug|Any CPU
		{A9D45930-3013-4262-B3BE-249D61207901}.Debug|Any CPU.Build.0 = Debug|Any CPU
		{A9D45930-3013-4262-B3BE-249D61207901}.Release|Any CPU.ActiveCfg = Release|Any CPU
		{A9D45930-3013-4262-B3BE-249D61207901}.Release|Any CPU.Build.0 = Release|Any CPU
	EndGlobalSection
	GlobalSection(SolutionProperties) = preSolution
		HideSolutionNode = FALSE
	EndGlobalSection
	GlobalSection(ExtensibilityGlobals) = postSolution
		SolutionGuid = {85A6808B-D7BA-4F81-B812-F3596AAFC4FB}
	EndGlobalSection
EndGlobal
